
Microsoft Visual Studio Solution File, Format Version 12.00
# Visual Studio Version 17
VisualStudioVersion = 17.14.36623.8
MinimumVisualStudioVersion = 10.0.40219.1
Project("{FAE04EC0-301F-11D3-BF4B-00C04F79EFBC}") = "DataFlow.Service", "DataFlow.Service\DataFlow.Service.csproj", "{D08E6506-64A5-4D7F-ABA8-C44B4301DB5B}"
EndProject
Project("{FAE04EC0-301F-11D3-BF4B-00C04F79EFBC}") = "DataIngestor.Service", "DataIngestor.Service\DataIngestor.Service.csproj", "{2384038B-52BF-4333-A072-12F7A3A75276}"
EndProject
Project("{FAE04EC0-301F-11D3-BF4B-00C04F79EFBC}") = "DataProcessor.Service", "DataProcessor.Service\DataProcessor.Service.csproj", "{1C418B1C-52ED-4FD9-93D1-12267317395B}"
EndProject
Project("{FAE04EC0-301F-11D3-BF4B-00C04F79EFBC}") = "Notification.Service", "Notification.Service\Notification.Service.csproj", "{5A35ED33-9695-45EE-B3D6-EDBAF66348BC}"
EndProject
Project("{FAE04EC0-301F-11D3-BF4B-00C04F79EFBC}") = "GraphQL.ApiGateway", "GraphQL.ApiGateway\GraphQL.ApiGateway.csproj", "{083030C4-D77B-4526-8AA2-F87B67D783A2}"
EndProject
Project("{54A90642-561A-4BB1-A94E-469ADEE60C69}") = "frontend.app.client", "Frontend.App\frontend.app.client\frontend.app.client.esproj", "{0C6CAE84-E517-CF91-2C5C-2011D1814474}"
EndProject
Global
	GlobalSection(SolutionConfigurationPlatforms) = preSolution
		Debug|Any CPU = Debug|Any CPU
		Release|Any CPU = Release|Any CPU
	EndGlobalSection
	GlobalSection(ProjectConfigurationPlatforms) = postSolution
		{D08E6506-64A5-4D7F-ABA8-C44B4301DB5B}.Debug|Any CPU.ActiveCfg = Debug|Any CPU
		{D08E6506-64A5-4D7F-ABA8-C44B4301DB5B}.Debug|Any CPU.Build.0 = Debug|Any CPU
		{D08E6506-64A5-4D7F-ABA8-C44B4301DB5B}.Release|Any CPU.ActiveCfg = Release|Any CPU
		{D08E6506-64A5-4D7F-ABA8-C44B4301DB5B}.Release|Any CPU.Build.0 = Release|Any CPU
		{2384038B-52BF-4333-A072-12F7A3A75276}.Debug|Any CPU.ActiveCfg = Debug|Any CPU
		{2384038B-52BF-4333-A072-12F7A3A75276}.Debug|Any CPU.Build.0 = Debug|Any CPU
		{2384038B-52BF-4333-A072-12F7A3A75276}.Release|Any CPU.ActiveCfg = Release|Any CPU
		{2384038B-52BF-4333-A072-12F7A3A75276}.Release|Any CPU.Build.0 = Release|Any CPU
		{1C418B1C-52ED-4FD9-93D1-12267317395B}.Debug|Any CPU.ActiveCfg = Debug|Any CPU
		{1C418B1C-52ED-4FD9-93D1-12267317395B}.Debug|Any CPU.Build.0 = Debug|Any CPU
		{1C418B1C-52ED-4FD9-93D1-12267317395B}.Release|Any CPU.ActiveCfg = Release|Any CPU
		{1C418B1C-52ED-4FD9-93D1-12267317395B}.Release|Any CPU.Build.0 = Release|Any CPU
		{5A35ED33-9695-45EE-B3D6-EDBAF66348BC}.Debug|Any CPU.ActiveCfg = Debug|Any CPU
		{5A35ED33-9695-45EE-B3D6-EDBAF66348BC}.Debug|Any CPU.Build.0 = Debug|Any CPU
		{5A35ED33-9695-45EE-B3D6-EDBAF66348BC}.Release|Any CPU.ActiveCfg = Release|Any CPU
		{5A35ED33-9695-45EE-B3D6-EDBAF66348BC}.Release|Any CPU.Build.0 = Release|Any CPU
		{083030C4-D77B-4526-8AA2-F87B67D783A2}.Debug|Any CPU.ActiveCfg = Debug|Any CPU
		{083030C4-D77B-4526-8AA2-F87B67D783A2}.Debug|Any CPU.Build.0 = Debug|Any CPU
		{083030C4-D77B-4526-8AA2-F87B67D783A2}.Release|Any CPU.ActiveCfg = Release|Any CPU
		{083030C4-D77B-4526-8AA2-F87B67D783A2}.Release|Any CPU.Build.0 = Release|Any CPU
		{0C6CAE84-E517-CF91-2C5C-2011D1814474}.Debug|Any CPU.ActiveCfg = Debug|Any CPU
		{0C6CAE84-E517-CF91-2C5C-2011D1814474}.Debug|Any CPU.Build.0 = Debug|Any CPU
		{0C6CAE84-E517-CF91-2C5C-2011D1814474}.Debug|Any CPU.Deploy.0 = Debug|Any CPU
		{0C6CAE84-E517-CF91-2C5C-2011D1814474}.Release|Any CPU.ActiveCfg = Release|Any CPU
		{0C6CAE84-E517-CF91-2C5C-2011D1814474}.Release|Any CPU.Build.0 = Release|Any CPU
		{0C6CAE84-E517-CF91-2C5C-2011D1814474}.Release|Any CPU.Deploy.0 = Release|Any CPU
	EndGlobalSection
	GlobalSection(SolutionProperties) = preSolution
		HideSolutionNode = FALSE
	EndGlobalSection
	GlobalSection(ExtensibilityGlobals) = postSolution
		SolutionGuid = {D72A2BAD-B8B0-4AD1-8E2C-128B5DC476AC}
	EndGlobalSection
EndGlobal
